
Microsoft Visual Studio Solution File, Format Version 12.00
# Visual Studio 14
VisualStudioVersion = 14.0.25420.1
MinimumVisualStudioVersion = 10.0.40219.1
Project("{FAE04EC0-301F-11D3-BF4B-00C04F79EFBC}") = "OpenSolution", "OpenSolution.csproj", "{68315E13-47A3-4124-8C19-47F80A7A1518}"
EndProject
Global
	GlobalSection(SolutionConfigurationPlatforms) = preSolution
		Debug|Any CPU = Debug|Any CPU
		Release|Any CPU = Release|Any CPU
	EndGlobalSection
	GlobalSection(ProjectConfigurationPlatforms) = postSolution
		{68315E13-47A3-4124-8C19-47F80A7A1518}.Debug|Any CPU.ActiveCfg = Debug|Any CPU
		{68315E13-47A3-4124-8C19-47F80A7A1518}.Debug|Any CPU.Build.0 = Debug|Any CPU
		{68315E13-47A3-4124-8C19-47F80A7A1518}.Release|Any CPU.ActiveCfg = Release|Any CPU
		{68315E13-47A3-4124-8C19-47F80A7A1518}.Release|Any CPU.Build.0 = Release|Any CPU
	EndGlobalSection
	GlobalSection(SolutionProperties) = preSolution
		HideSolutionNode = FALSE
	EndGlobalSection
EndGlobal
